
Microsoft Visual Studio Solution File, Format Version 12.00
Project("{2150E333-8FDC-42A3-9474-1A3956D46DE8}") = "Tests", "Tests", "{BFC638D9-0AF1-40AD-ACFC-D48958C7E416}"
EndProject
Project("{2150E333-8FDC-42A3-9474-1A3956D46DE8}") = "src", "src", "{ADBAC06C-168A-45DE-8FDD-54DDE2020F0F}"
EndProject
Project("{2150E333-8FDC-42A3-9474-1A3956D46DE8}") = "Core", "Core", "{88F42EF1-E721-4D6A-8C94-8C6C03581BE1}"
EndProject
Project("{2150E333-8FDC-42A3-9474-1A3956D46DE8}") = "Infrastructure", "Infrastructure", "{09FC5A83-B5E8-404B-8C06-B46AEBC08F86}"
EndProject
Project("{FAE04EC0-301F-11D3-BF4B-00C04F79EFBC}") = "BlogSystem.Web", "BlogSystem.Web\BlogSystem.Web.csproj", "{F383949B-E4C1-4EB6-ABC5-57D8A6E810ED}"
EndProject
Project("{FAE04EC0-301F-11D3-BF4B-00C04F79EFBC}") = "BlogSystem.Domain", "BlogSystem.Domain\BlogSystem.Domain.csproj", "{E40935EB-1CB6-46A6-AE3B-6CA838509172}"
EndProject
Project("{FAE04EC0-301F-11D3-BF4B-00C04F79EFBC}") = "BlogSystem.Application", "BlogSystem.Application\BlogSystem.Application.csproj", "{1F7CBD08-3F69-4CC8-983C-38E8471710B3}"
EndProject
Project("{FAE04EC0-301F-11D3-BF4B-00C04F79EFBC}") = "BlogSystem.Infrastructure", "BlogSystem.Infrastructure\BlogSystem.Infrastructure.csproj", "{7C76930A-144C-41EE-895E-71422C15C100}"
EndProject
Project("{FAE04EC0-301F-11D3-BF4B-00C04F79EFBC}") = "BlogSystem.Tests", "BlogSystem.Tests\BlogSystem.Tests.csproj", "{6C78496F-52C6-4E74-91E0-08AF82C7367C}"
EndProject
Global
	GlobalSection(SolutionConfigurationPlatforms) = preSolution
		Debug|Any CPU = Debug|Any CPU
		Release|Any CPU = Release|Any CPU
	EndGlobalSection
	GlobalSection(NestedProjects) = preSolution
		{88F42EF1-E721-4D6A-8C94-8C6C03581BE1} = {ADBAC06C-168A-45DE-8FDD-54DDE2020F0F}
		{09FC5A83-B5E8-404B-8C06-B46AEBC08F86} = {ADBAC06C-168A-45DE-8FDD-54DDE2020F0F}
		{F383949B-E4C1-4EB6-ABC5-57D8A6E810ED} = {ADBAC06C-168A-45DE-8FDD-54DDE2020F0F}
		{E40935EB-1CB6-46A6-AE3B-6CA838509172} = {88F42EF1-E721-4D6A-8C94-8C6C03581BE1}
		{1F7CBD08-3F69-4CC8-983C-38E8471710B3} = {88F42EF1-E721-4D6A-8C94-8C6C03581BE1}
		{7C76930A-144C-41EE-895E-71422C15C100} = {09FC5A83-B5E8-404B-8C06-B46AEBC08F86}
		{6C78496F-52C6-4E74-91E0-08AF82C7367C} = {BFC638D9-0AF1-40AD-ACFC-D48958C7E416}
	EndGlobalSection
	GlobalSection(ProjectConfigurationPlatforms) = postSolution
		{F383949B-E4C1-4EB6-ABC5-57D8A6E810ED}.Debug|Any CPU.ActiveCfg = Debug|Any CPU
		{F383949B-E4C1-4EB6-ABC5-57D8A6E810ED}.Debug|Any CPU.Build.0 = Debug|Any CPU
		{F383949B-E4C1-4EB6-ABC5-57D8A6E810ED}.Release|Any CPU.ActiveCfg = Release|Any CPU
		{F383949B-E4C1-4EB6-ABC5-57D8A6E810ED}.Release|Any CPU.Build.0 = Release|Any CPU
		{E40935EB-1CB6-46A6-AE3B-6CA838509172}.Debug|Any CPU.ActiveCfg = Debug|Any CPU
		{E40935EB-1CB6-46A6-AE3B-6CA838509172}.Debug|Any CPU.Build.0 = Debug|Any CPU
		{E40935EB-1CB6-46A6-AE3B-6CA838509172}.Release|Any CPU.ActiveCfg = Release|Any CPU
		{E40935EB-1CB6-46A6-AE3B-6CA838509172}.Release|Any CPU.Build.0 = Release|Any CPU
		{1F7CBD08-3F69-4CC8-983C-38E8471710B3}.Debug|Any CPU.ActiveCfg = Debug|Any CPU
		{1F7CBD08-3F69-4CC8-983C-38E8471710B3}.Debug|Any CPU.Build.0 = Debug|Any CPU
		{1F7CBD08-3F69-4CC8-983C-38E8471710B3}.Release|Any CPU.ActiveCfg = Release|Any CPU
		{1F7CBD08-3F69-4CC8-983C-38E8471710B3}.Release|Any CPU.Build.0 = Release|Any CPU
		{7C76930A-144C-41EE-895E-71422C15C100}.Debug|Any CPU.ActiveCfg = Debug|Any CPU
		{7C76930A-144C-41EE-895E-71422C15C100}.Debug|Any CPU.Build.0 = Debug|Any CPU
		{7C76930A-144C-41EE-895E-71422C15C100}.Release|Any CPU.ActiveCfg = Release|Any CPU
		{7C76930A-144C-41EE-895E-71422C15C100}.Release|Any CPU.Build.0 = Release|Any CPU
		{6C78496F-52C6-4E74-91E0-08AF82C7367C}.Debug|Any CPU.ActiveCfg = Debug|Any CPU
		{6C78496F-52C6-4E74-91E0-08AF82C7367C}.Debug|Any CPU.Build.0 = Debug|Any CPU
		{6C78496F-52C6-4E74-91E0-08AF82C7367C}.Release|Any CPU.ActiveCfg = Release|Any CPU
		{6C78496F-52C6-4E74-91E0-08AF82C7367C}.Release|Any CPU.Build.0 = Release|Any CPU
	EndGlobalSection
EndGlobal
